
Microsoft Visual Studio Solution File, Format Version 12.00
# Visual Studio 14
VisualStudioVersion = 14.0.25420.1
MinimumVisualStudioVersion = 10.0.40219.1
Project("{8BC9CEB8-8B4A-11D0-8D11-00A0C91BC942}") = "Util", "..\Framework\Core\Util\Util.vcxproj", "{09C2B703-4F69-493C-B377-79298CC88C21}"
EndProject
Project("{8BC9CEB8-8B4A-11D0-8D11-00A0C91BC942}") = "SampleApp", "SampleApp\SampleApp.vcxproj", "{AC279EA0-1B0E-41F5-8185-136E6B8CFC1F}"
EndProject
Project("{2150E333-8FDC-42A3-9474-1A3956D46DE8}") = "Framework", "Framework", "{D4ADB784-D6E9-4BE8-8B5C-A88499C4237C}"
EndProject
Project("{8BC9CEB8-8B4A-11D0-8D11-00A0C91BC942}") = "Dx11Util", "..\Framework\Core\Dx11Util\Dx11Util.vcxproj", "{72083967-25B4-4A53-A476-B8D047846082}"
EndProject
Project("{8BC9CEB8-8B4A-11D0-8D11-00A0C91BC942}") = "AppBase", "..\Framework\Core\AppBase\AppBase.vcxproj", "{7D7FA852-37B2-4FFA-A49C-25079C466778}"
EndProject
Project("{8BC9CEB8-8B4A-11D0-8D11-00A0C91BC942}") = "Gfx", "..\Framework\Core\Gfx\Gfx.vcxproj", "{C21FB832-6B29-44F9-8EA5-CFEB78F5612A}"
EndProject
Project("{8BC9CEB8-8B4A-11D0-8D11-00A0C91BC942}") = "FxLib", "..\Framework\Core\FxLib\FxLib.vcxproj", "{F4F48CCB-D793-41E9-A76E-6B917A423A33}"
EndProject
Project("{8BC9CEB8-8B4A-11D0-8D11-00A0C91BC942}") = "FrameworkSettings", "..\Framework\Core\FrameworkSettings\FrameworkSettings.vcxproj", "{88828411-57A9-41EB-9E9F-378FF49C2174}"
EndProject
Project("{2150E333-8FDC-42A3-9474-1A3956D46DE8}") = "Settings", "Settings", "{1482DCA1-1CCB-4CCD-9F05-2480BEE3C1F7}"
EndProject
Project("{FAE04EC0-301F-11D3-BF4B-00C04F79EFBC}") = "FrameworkSettings", "..\Framework\Core\FrameworkSettings\FrameworkSettings.csproj", "{BE49F66C-D32B-41A8-89ED-81AA515B4317}"
EndProject
Global
	GlobalSection(SolutionConfigurationPlatforms) = preSolution
		Debug|Any CPU = Debug|Any CPU
		Debug|x64 = Debug|x64
		Release|Any CPU = Release|Any CPU
		Release|x64 = Release|x64
	EndGlobalSection
	GlobalSection(ProjectConfigurationPlatforms) = postSolution
		{09C2B703-4F69-493C-B377-79298CC88C21}.Debug|Any CPU.ActiveCfg = Debug|x64
		{09C2B703-4F69-493C-B377-79298CC88C21}.Debug|x64.ActiveCfg = Debug|x64
		{09C2B703-4F69-493C-B377-79298CC88C21}.Debug|x64.Build.0 = Debug|x64
		{09C2B703-4F69-493C-B377-79298CC88C21}.Release|Any CPU.ActiveCfg = Release|x64
		{09C2B703-4F69-493C-B377-79298CC88C21}.Release|x64.ActiveCfg = Release|x64
		{09C2B703-4F69-493C-B377-79298CC88C21}.Release|x64.Build.0 = Release|x64
		{AC279EA0-1B0E-41F5-8185-136E6B8CFC1F}.Debug|Any CPU.ActiveCfg = Debug|x64
		{AC279EA0-1B0E-41F5-8185-136E6B8CFC1F}.Debug|x64.ActiveCfg = Debug|x64
		{AC279EA0-1B0E-41F5-8185-136E6B8CFC1F}.Debug|x64.Build.0 = Debug|x64
		{AC279EA0-1B0E-41F5-8185-136E6B8CFC1F}.Release|Any CPU.ActiveCfg = Release|x64
		{AC279EA0-1B0E-41F5-8185-136E6B8CFC1F}.Release|x64.ActiveCfg = Release|x64
		{AC279EA0-1B0E-41F5-8185-136E6B8CFC1F}.Release|x64.Build.0 = Release|x64
		{72083967-25B4-4A53-A476-B8D047846082}.Debug|Any CPU.ActiveCfg = Debug|x64
		{72083967-25B4-4A53-A476-B8D047846082}.Debug|x64.ActiveCfg = Debug|x64
		{72083967-25B4-4A53-A476-B8D047846082}.Debug|x64.Build.0 = Debug|x64
		{72083967-25B4-4A53-A476-B8D047846082}.Release|Any CPU.ActiveCfg = Release|x64
		{72083967-25B4-4A53-A476-B8D047846082}.Release|x64.ActiveCfg = Release|x64
		{72083967-25B4-4A53-A476-B8D047846082}.Release|x64.Build.0 = Release|x64
		{7D7FA852-37B2-4FFA-A49C-25079C466778}.Debug|Any CPU.ActiveCfg = Debug|x64
		{7D7FA852-37B2-4FFA-A49C-25079C466778}.Debug|x64.ActiveCfg = Debug|x64
		{7D7FA852-37B2-4FFA-A49C-25079C466778}.Debug|x64.Build.0 = Debug|x64
		{7D7FA852-37B2-4FFA-A49C-25079C466778}.Release|Any CPU.ActiveCfg = Release|x64
		{7D7FA852-37B2-4FFA-A49C-25079C466778}.Release|x64.ActiveCfg = Release|x64
		{7D7FA852-37B2-4FFA-A49C-25079C466778}.Release|x64.Build.0 = Release|x64
		{C21FB832-6B29-44F9-8EA5-CFEB78F5612A}.Debug|Any CPU.ActiveCfg = Debug|x64
		{C21FB832-6B29-44F9-8EA5-CFEB78F5612A}.Debug|x64.ActiveCfg = Debug|x64
		{C21FB832-6B29-44F9-8EA5-CFEB78F5612A}.Debug|x64.Build.0 = Debug|x64
		{C21FB832-6B29-44F9-8EA5-CFEB78F5612A}.Release|Any CPU.ActiveCfg = Release|x64
		{C21FB832-6B29-44F9-8EA5-CFEB78F5612A}.Release|x64.ActiveCfg = Release|x64
		{C21FB832-6B29-44F9-8EA5-CFEB78F5612A}.Release|x64.Build.0 = Release|x64
		{F4F48CCB-D793-41E9-A76E-6B917A423A33}.Debug|Any CPU.ActiveCfg = Debug|x64
		{F4F48CCB-D793-41E9-A76E-6B917A423A33}.Debug|x64.ActiveCfg = Debug|x64
		{F4F48CCB-D793-41E9-A76E-6B917A423A33}.Debug|x64.Build.0 = Debug|x64
		{F4F48CCB-D793-41E9-A76E-6B917A423A33}.Release|Any CPU.ActiveCfg = Release|x64
		{F4F48CCB-D793-41E9-A76E-6B917A423A33}.Release|x64.ActiveCfg = Release|x64
		{F4F48CCB-D793-41E9-A76E-6B917A423A33}.Release|x64.Build.0 = Release|x64
		{88828411-57A9-41EB-9E9F-378FF49C2174}.Debug|Any CPU.ActiveCfg = Debug|x64
		{88828411-57A9-41EB-9E9F-378FF49C2174}.Debug|x64.ActiveCfg = Debug|x64
		{88828411-57A9-41EB-9E9F-378FF49C2174}.Debug|x64.Build.0 = Debug|x64
		{88828411-57A9-41EB-9E9F-378FF49C2174}.Release|Any CPU.ActiveCfg = Release|x64
		{88828411-57A9-41EB-9E9F-378FF49C2174}.Release|x64.ActiveCfg = Release|x64
		{88828411-57A9-41EB-9E9F-378FF49C2174}.Release|x64.Build.0 = Release|x64
		{BE49F66C-D32B-41A8-89ED-81AA515B4317}.Debug|Any CPU.ActiveCfg = Release|Any CPU
		{BE49F66C-D32B-41A8-89ED-81AA515B4317}.Debug|Any CPU.Build.0 = Release|Any CPU
		{BE49F66C-D32B-41A8-89ED-81AA515B4317}.Debug|x64.ActiveCfg = Release|Any CPU
		{BE49F66C-D32B-41A8-89ED-81AA515B4317}.Debug|x64.Build.0 = Release|Any CPU
		{BE49F66C-D32B-41A8-89ED-81AA515B4317}.Release|Any CPU.ActiveCfg = Release|Any CPU
		{BE49F66C-D32B-41A8-89ED-81AA515B4317}.Release|Any CPU.Build.0 = Release|Any CPU
		{BE49F66C-D32B-41A8-89ED-81AA515B4317}.Release|x64.ActiveCfg = Release|Any CPU
		{BE49F66C-D32B-41A8-89ED-81AA515B4317}.Release|x64.Build.0 = Release|Any CPU
	EndGlobalSection
	GlobalSection(SolutionProperties) = preSolution
		HideSolutionNode = FALSE
	EndGlobalSection
	GlobalSection(NestedProjects) = preSolution
		{09C2B703-4F69-493C-B377-79298CC88C21} = {D4ADB784-D6E9-4BE8-8B5C-A88499C4237C}
		{72083967-25B4-4A53-A476-B8D047846082} = {D4ADB784-D6E9-4BE8-8B5C-A88499C4237C}
		{7D7FA852-37B2-4FFA-A49C-25079C466778} = {D4ADB784-D6E9-4BE8-8B5C-A88499C4237C}
		{C21FB832-6B29-44F9-8EA5-CFEB78F5612A} = {D4ADB784-D6E9-4BE8-8B5C-A88499C4237C}
		{F4F48CCB-D793-41E9-A76E-6B917A423A33} = {D4ADB784-D6E9-4BE8-8B5C-A88499C4237C}
		{88828411-57A9-41EB-9E9F-378FF49C2174} = {D4ADB784-D6E9-4BE8-8B5C-A88499C4237C}
		{BE49F66C-D32B-41A8-89ED-81AA515B4317} = {1482DCA1-1CCB-4CCD-9F05-2480BEE3C1F7}
	EndGlobalSection
EndGlobal
