
Microsoft Visual Studio Solution File, Format Version 12.00
# Visual Studio 14
VisualStudioVersion = 14.0.25420.1
MinimumVisualStudioVersion = 10.0.40219.1
Project("{8BC9CEB8-8B4A-11D0-8D11-00A0C91BC942}") = "hlsl", "hlsl\hlsl.vcxproj", "{C9C7961D-D1E2-4A9A-A8A2-CC99F1A8B1FB}"
EndProject
Global
	GlobalSection(SolutionConfigurationPlatforms) = preSolution
		Debug|Win32 = Debug|Win32
		Release|Win32 = Release|Win32
	EndGlobalSection
	GlobalSection(ProjectConfigurationPlatforms) = postSolution
		{C9C7961D-D1E2-4A9A-A8A2-CC99F1A8B1FB}.Debug|Win32.ActiveCfg = Debug|Win32
		{C9C7961D-D1E2-4A9A-A8A2-CC99F1A8B1FB}.Debug|Win32.Build.0 = Debug|Win32
		{C9C7961D-D1E2-4A9A-A8A2-CC99F1A8B1FB}.Release|Win32.ActiveCfg = Release|Win32
		{C9C7961D-D1E2-4A9A-A8A2-CC99F1A8B1FB}.Release|Win32.Build.0 = Release|Win32
	EndGlobalSection
	GlobalSection(SolutionProperties) = preSolution
		HideSolutionNode = FALSE
	EndGlobalSection
EndGlobal
